github.com/cdvelop/input v0.0.5 h1:PdpP9neryaDoirPLOMGQHRy6/UwdTQkw0q4c5EJJXv4=
github.com/cdvelop/input v0.0.5/go.mod h1:GxqnNoZg9YWyNjE4PVuNq/MxjpuhJHr0CyjVmacMfXQ=
golang.org/x/text v0.9.0 h1:2sjJmO8cDvYveuX97RDLsxlyUxLl+GHoLxBiRdHllBE=
golang.org/x/text v0.9.0/go.mod h1:e1OnstbJyHTd6l/uOt8jFFHp6TRDWZR/bV3emEE/zU8=
